
Microsoft Visual Studio Solution File, Format Version 12.00
# Visual Studio Version 17
VisualStudioVersion = 17.0.32014.148
MinimumVisualStudioVersion = 10.0.40219.1
Project("{FAE04EC0-301F-11D3-BF4B-00C04F79EFBC}") = "ConsoleApp1", "ConsoleApp1\ConsoleApp1.csproj", "{CD29D885-6571-4BB0-8AA0-B1CDE25127FC}"
EndProject
Global
	GlobalSection(SolutionConfigurationPlatforms) = preSolution
		Debug|Any CPU = Debug|Any CPU
		Release|Any CPU = Release|Any CPU
	EndGlobalSection
	GlobalSection(ProjectConfigurationPlatforms) = postSolution
		{CD29D885-6571-4BB0-8AA0-B1CDE25127FC}.Debug|Any CPU.ActiveCfg = Debug|Any CPU
		{CD29D885-6571-4BB0-8AA0-B1CDE25127FC}.Debug|Any CPU.Build.0 = Debug|Any CPU
		{CD29D885-6571-4BB0-8AA0-B1CDE25127FC}.Release|Any CPU.ActiveCfg = Release|Any CPU
		{CD29D885-6571-4BB0-8AA0-B1CDE25127FC}.Release|Any CPU.Build.0 = Release|Any CPU
	EndGlobalSection
	GlobalSection(SolutionProperties) = preSolution
		HideSolutionNode = FALSE
	EndGlobalSection
	GlobalSection(ExtensibilityGlobals) = postSolution
		SolutionGuid = {7C60B93D-0054-4B67-A6FB-E3F25B02ADE1}
	EndGlobalSection
EndGlobal
